
Microsoft Visual Studio Solution File, Format Version 12.00
# Visual Studio Version 16
VisualStudioVersion = 16.0.29709.97
MinimumVisualStudioVersion = 10.0.40219.1
Project("{FAE04EC0-301F-11D3-BF4B-00C04F79EFBC}") = "PlayerGroups", "PlayerGroups.csproj", "{428ACAD1-B342-4BDB-B828-876B28B404FB}"
EndProject
Global
	GlobalSection(SolutionConfigurationPlatforms) = preSolution
		Debug|Any CPU = Debug|Any CPU
		Release|Any CPU = Release|Any CPU
	EndGlobalSection
	GlobalSection(ProjectConfigurationPlatforms) = postSolution
		{428ACAD1-B342-4BDB-B828-876B28B404FB}.Debug|Any CPU.ActiveCfg = Debug|Any CPU
		{428ACAD1-B342-4BDB-B828-876B28B404FB}.Debug|Any CPU.Build.0 = Debug|Any CPU
		{428ACAD1-B342-4BDB-B828-876B28B404FB}.Release|Any CPU.ActiveCfg = Release|Any CPU
		{428ACAD1-B342-4BDB-B828-876B28B404FB}.Release|Any CPU.Build.0 = Release|Any CPU
	EndGlobalSection
	GlobalSection(SolutionProperties) = preSolution
		HideSolutionNode = FALSE
	EndGlobalSection
	GlobalSection(ExtensibilityGlobals) = postSolution
		SolutionGuid = {815A8467-23FB-4D78-B71C-D10F5F9C483E}
	EndGlobalSection
EndGlobal
