
Microsoft Visual Studio Solution File, Format Version 12.00
# Visual Studio Version 16
VisualStudioVersion = 16.0.29709.97
MinimumVisualStudioVersion = 10.0.40219.1
Project("{FAE04EC0-301F-11D3-BF4B-00C04F79EFBC}") = "ProjectUnion", "ProjectUnion.csproj", "{523AB93D-EA39-4F01-9F4C-8405DD7F293A}"
EndProject
Global
	GlobalSection(SolutionConfigurationPlatforms) = preSolution
		Debug|Any CPU = Debug|Any CPU
		Release|Any CPU = Release|Any CPU
	EndGlobalSection
	GlobalSection(ProjectConfigurationPlatforms) = postSolution
		{523AB93D-EA39-4F01-9F4C-8405DD7F293A}.Debug|Any CPU.ActiveCfg = Debug|Any CPU
		{523AB93D-EA39-4F01-9F4C-8405DD7F293A}.Debug|Any CPU.Build.0 = Debug|Any CPU
		{523AB93D-EA39-4F01-9F4C-8405DD7F293A}.Release|Any CPU.ActiveCfg = Release|Any CPU
		{523AB93D-EA39-4F01-9F4C-8405DD7F293A}.Release|Any CPU.Build.0 = Release|Any CPU
	EndGlobalSection
	GlobalSection(SolutionProperties) = preSolution
		HideSolutionNode = FALSE
	EndGlobalSection
	GlobalSection(ExtensibilityGlobals) = postSolution
		SolutionGuid = {FEBC76E9-A2FB-4749-BBB6-A63AE78E0EF7}
	EndGlobalSection
EndGlobal
